
Microsoft Visual Studio Solution File, Format Version 12.00
# Visual Studio Version 17
VisualStudioVersion = 17.4.33213.308
MinimumVisualStudioVersion = 10.0.40219.1
Project("{FAE04EC0-301F-11D3-BF4B-00C04F79EFBC}") = "HomeWorks", "HomeWork1\HomeWorks.csproj", "{491F098B-149E-4CDF-AAA6-1427B55790CA}"
EndProject
Global
	GlobalSection(SolutionConfigurationPlatforms) = preSolution
		Debug|Any CPU = Debug|Any CPU
		Release|Any CPU = Release|Any CPU
	EndGlobalSection
	GlobalSection(ProjectConfigurationPlatforms) = postSolution
		{491F098B-149E-4CDF-AAA6-1427B55790CA}.Debug|Any CPU.ActiveCfg = Debug|Any CPU
		{491F098B-149E-4CDF-AAA6-1427B55790CA}.Debug|Any CPU.Build.0 = Debug|Any CPU
		{491F098B-149E-4CDF-AAA6-1427B55790CA}.Release|Any CPU.ActiveCfg = Release|Any CPU
		{491F098B-149E-4CDF-AAA6-1427B55790CA}.Release|Any CPU.Build.0 = Release|Any CPU
	EndGlobalSection
	GlobalSection(SolutionProperties) = preSolution
		HideSolutionNode = FALSE
	EndGlobalSection
	GlobalSection(ExtensibilityGlobals) = postSolution
		SolutionGuid = {2B4DEB49-F41A-48F1-87C3-9A6DE61AB26B}
	EndGlobalSection
EndGlobal
